
Microsoft Visual Studio Solution File, Format Version 12.00
Project("{FAE04EC0-301F-11D3-BF4B-00C04F79EFBC}") = "AMicroservice", "AMicroservice\AMicroservice.csproj", "{C29A4E60-4CF5-44B5-93AA-CE8DB3866AEA}"
EndProject
Project("{FAE04EC0-301F-11D3-BF4B-00C04F79EFBC}") = "BMicroservice", "BMicroservice\BMicroservice.csproj", "{7FC1F659-DA9D-41AD-8D81-9B2D8C5161AE}"
EndProject
Project("{FAE04EC0-301F-11D3-BF4B-00C04F79EFBC}") = "Shared", "Shared\Shared.csproj", "{6A874EEB-AD5E-4650-A2AE-517D615B47AD}"
EndProject
Project("{FAE04EC0-301F-11D3-BF4B-00C04F79EFBC}") = "CMicroservice", "CMicroservice\CMicroservice.csproj", "{55799FF4-DF7C-4339-BAEB-EB4EC0B9677E}"
EndProject
Global
	GlobalSection(SolutionConfigurationPlatforms) = preSolution
		Debug|Any CPU = Debug|Any CPU
		Release|Any CPU = Release|Any CPU
	EndGlobalSection
	GlobalSection(ProjectConfigurationPlatforms) = postSolution
		{C29A4E60-4CF5-44B5-93AA-CE8DB3866AEA}.Debug|Any CPU.ActiveCfg = Debug|Any CPU
		{C29A4E60-4CF5-44B5-93AA-CE8DB3866AEA}.Debug|Any CPU.Build.0 = Debug|Any CPU
		{C29A4E60-4CF5-44B5-93AA-CE8DB3866AEA}.Release|Any CPU.ActiveCfg = Release|Any CPU
		{C29A4E60-4CF5-44B5-93AA-CE8DB3866AEA}.Release|Any CPU.Build.0 = Release|Any CPU
		{7FC1F659-DA9D-41AD-8D81-9B2D8C5161AE}.Debug|Any CPU.ActiveCfg = Debug|Any CPU
		{7FC1F659-DA9D-41AD-8D81-9B2D8C5161AE}.Debug|Any CPU.Build.0 = Debug|Any CPU
		{7FC1F659-DA9D-41AD-8D81-9B2D8C5161AE}.Release|Any CPU.ActiveCfg = Release|Any CPU
		{7FC1F659-DA9D-41AD-8D81-9B2D8C5161AE}.Release|Any CPU.Build.0 = Release|Any CPU
		{6A874EEB-AD5E-4650-A2AE-517D615B47AD}.Debug|Any CPU.ActiveCfg = Debug|Any CPU
		{6A874EEB-AD5E-4650-A2AE-517D615B47AD}.Debug|Any CPU.Build.0 = Debug|Any CPU
		{6A874EEB-AD5E-4650-A2AE-517D615B47AD}.Release|Any CPU.ActiveCfg = Release|Any CPU
		{6A874EEB-AD5E-4650-A2AE-517D615B47AD}.Release|Any CPU.Build.0 = Release|Any CPU
		{55799FF4-DF7C-4339-BAEB-EB4EC0B9677E}.Debug|Any CPU.ActiveCfg = Debug|Any CPU
		{55799FF4-DF7C-4339-BAEB-EB4EC0B9677E}.Debug|Any CPU.Build.0 = Debug|Any CPU
		{55799FF4-DF7C-4339-BAEB-EB4EC0B9677E}.Release|Any CPU.ActiveCfg = Release|Any CPU
		{55799FF4-DF7C-4339-BAEB-EB4EC0B9677E}.Release|Any CPU.Build.0 = Release|Any CPU
	EndGlobalSection
EndGlobal
